
Microsoft Visual Studio Solution File, Format Version 12.00
# Visual Studio Version 17
VisualStudioVersion = 17.11.35312.102
MinimumVisualStudioVersion = 10.0.40219.1
Project("{FAE04EC0-301F-11D3-BF4B-00C04F79EFBC}") = "forPratik", "forPratik\forPratik.csproj", "{C42239F2-46C1-4E70-ABB1-E7FE730BE8BB}"
EndProject
Global
	GlobalSection(SolutionConfigurationPlatforms) = preSolution
		Debug|Any CPU = Debug|Any CPU
		Release|Any CPU = Release|Any CPU
	EndGlobalSection
	GlobalSection(ProjectConfigurationPlatforms) = postSolution
		{C42239F2-46C1-4E70-ABB1-E7FE730BE8BB}.Debug|Any CPU.ActiveCfg = Debug|Any CPU
		{C42239F2-46C1-4E70-ABB1-E7FE730BE8BB}.Debug|Any CPU.Build.0 = Debug|Any CPU
		{C42239F2-46C1-4E70-ABB1-E7FE730BE8BB}.Release|Any CPU.ActiveCfg = Release|Any CPU
		{C42239F2-46C1-4E70-ABB1-E7FE730BE8BB}.Release|Any CPU.Build.0 = Release|Any CPU
	EndGlobalSection
	GlobalSection(SolutionProperties) = preSolution
		HideSolutionNode = FALSE
	EndGlobalSection
	GlobalSection(ExtensibilityGlobals) = postSolution
		SolutionGuid = {CB8B396F-906A-4D93-A651-D6850AC3E351}
	EndGlobalSection
EndGlobal
